// !$*UTF8*$!
{
	archiveVersion = 1;
	classes = {
	};
	objectVersion = 50;
	objects = {

/* Begin PBXBuildFile section */
		4E3A43F9241BD7E300522243 /* AppDelegate.swift in Sources */ = {isa = PBXBuildFile; fileRef = 4E3A43F8241BD7E300522243 /* AppDelegate.swift */; };
		4E3A43FB241BD7E300522243 /* SceneDelegate.swift in Sources */ = {isa = PBXBuildFile; fileRef = 4E3A43FA241BD7E300522243 /* SceneDelegate.swift */; };
		4E3A4400241BD7E300522243 /* Main.storyboard in Resources */ = {isa = PBXBuildFile; fileRef = 4E3A43FE241BD7E300522243 /* Main.storyboard */; };
		4E3A4402241BD7E600522243 /* Assets.xcassets in Resources */ = {isa = PBXBuildFile; fileRef = 4E3A4401241BD7E600522243 /* Assets.xcassets */; };
		4E3A4405241BD7E600522243 /* LaunchScreen.storyboard in Resources */ = {isa = PBXBuildFile; fileRef = 4E3A4403241BD7E600522243 /* LaunchScreen.storyboard */; };
		4E3A4414241BDA4C00522243 /* CountriesCell.swift in Sources */ = {isa = PBXBuildFile; fileRef = 4E3A4412241BDA4C00522243 /* CountriesCell.swift */; };
		4E3A4415241BDA4C00522243 /* CountriesCell.xib in Resources */ = {isa = PBXBuildFile; fileRef = 4E3A4413241BDA4C00522243 /* CountriesCell.xib */; };
		4E3A4418241BDA9C00522243 /* APIError.swift in Sources */ = {isa = PBXBuildFile; fileRef = 4E3A4417241BDA9C00522243 /* APIError.swift */; };
		4E3A441A241BDAAB00522243 /* APIClient.swift in Sources */ = {isa = PBXBuildFile; fileRef = 4E3A4419241BDAAB00522243 /* APIClient.swift */; };
		4E3A441D241BDAD900522243 /* UIImageView+Extension.swift in Sources */ = {isa = PBXBuildFile; fileRef = 4E3A441C241BDAD900522243 /* UIImageView+Extension.swift */; };
		4E3A4421241BDB7B00522243 /* CountryDetailViewController.swift in Sources */ = {isa = PBXBuildFile; fileRef = 4E3A4420241BDB7B00522243 /* CountryDetailViewController.swift */; };
		4E3A4423241BDBA300522243 /* CountriesViewController.swift in Sources */ = {isa = PBXBuildFile; fileRef = 4E3A4422241BDBA300522243 /* CountriesViewController.swift */; };
		4E3A4425241BDCCF00522243 /* UITableViewCell+Extension.swift in Sources */ = {isa = PBXBuildFile; fileRef = 4E3A4424241BDCCF00522243 /* UITableViewCell+Extension.swift */; };
		4E3A4429241BE4C300522243 /* Country.swift in Sources */ = {isa = PBXBuildFile; fileRef = 4E3A4428241BE4C300522243 /* Country.swift */; };
		4E3A442C241BECF100522243 /* Province.swift in Sources */ = {isa = PBXBuildFile; fileRef = 4E3A442B241BECF100522243 /* Province.swift */; };
		4E3A442F241C147500522243 /* FlagImageView.swift in Sources */ = {isa = PBXBuildFile; fileRef = 4E3A442E241C147500522243 /* FlagImageView.swift */; };
		4E3A4432241C6A0100522243 /* MapKit.framework in Frameworks */ = {isa = PBXBuildFile; fileRef = 4E3A4431241C6A0100522243 /* MapKit.framework */; };
		4E3A4434241C7F9300522243 /* MKMapView+Extension.swift in Sources */ = {isa = PBXBuildFile; fileRef = 4E3A4433241C7F9300522243 /* MKMapView+Extension.swift */; };
/* End PBXBuildFile section */

/* Begin PBXFileReference section */
		4E3A43F5241BD7E300522243 /* MINDFLAG.app */ = {isa = PBXFileReference; explicitFileType = wrapper.application; includeInIndex = 0; path = MINDFLAG.app; sourceTree = BUILT_PRODUCTS_DIR; };
		4E3A43F8241BD7E300522243 /* AppDelegate.swift */ = {isa = PBXFileReference; lastKnownFileType = sourcecode.swift; path = AppDelegate.swift; sourceTree = "<group>"; };
		4E3A43FA241BD7E300522243 /* SceneDelegate.swift */ = {isa = PBXFileReference; lastKnownFileType = sourcecode.swift; path = SceneDelegate.swift; sourceTree = "<group>"; };
		4E3A43FF241BD7E300522243 /* Base */ = {isa = PBXFileReference; lastKnownFileType = file.storyboard; name = Base; path = Base.lproj/Main.storyboard; sourceTree = "<group>"; };
		4E3A4401241BD7E600522243 /* Assets.xcassets */ = {isa = PBXFileReference; lastKnownFileType = folder.assetcatalog; path = Assets.xcassets; sourceTree = "<group>"; };
		4E3A4404241BD7E600522243 /* Base */ = {isa = PBXFileReference; lastKnownFileType = file.storyboard; name = Base; path = Base.lproj/LaunchScreen.storyboard; sourceTree = "<group>"; };
		4E3A4406241BD7E600522243 /* Info.plist */ = {isa = PBXFileReference; lastKnownFileType = text.plist.xml; path = Info.plist; sourceTree = "<group>"; };
		4E3A4412241BDA4C00522243 /* CountriesCell.swift */ = {isa = PBXFileReference; lastKnownFileType = sourcecode.swift; path = CountriesCell.swift; sourceTree = "<group>"; };
		4E3A4413241BDA4C00522243 /* CountriesCell.xib */ = {isa = PBXFileReference; lastKnownFileType = file.xib; path = CountriesCell.xib; sourceTree = "<group>"; };
		4E3A4417241BDA9C00522243 /* APIError.swift */ = {isa = PBXFileReference; lastKnownFileType = sourcecode.swift; path = APIError.swift; sourceTree = "<group>"; };
		4E3A4419241BDAAB00522243 /* APIClient.swift */ = {isa = PBXFileReference; lastKnownFileType = sourcecode.swift; path = APIClient.swift; sourceTree = "<group>"; };
		4E3A441C241BDAD900522243 /* UIImageView+Extension.swift */ = {isa = PBXFileReference; lastKnownFileType = sourcecode.swift; path = "UIImageView+Extension.swift"; sourceTree = "<group>"; };
		4E3A4420241BDB7B00522243 /* CountryDetailViewController.swift */ = {isa = PBXFileReference; lastKnownFileType = sourcecode.swift; path = CountryDetailViewController.swift; sourceTree = "<group>"; };
		4E3A4422241BDBA300522243 /* CountriesViewController.swift */ = {isa = PBXFileReference; lastKnownFileType = sourcecode.swift; path = CountriesViewController.swift; sourceTree = "<group>"; };
		4E3A4424241BDCCF00522243 /* UITableViewCell+Extension.swift */ = {isa = PBXFileReference; lastKnownFileType = sourcecode.swift; path = "UITableViewCell+Extension.swift"; sourceTree = "<group>"; };
		4E3A4428241BE4C300522243 /* Country.swift */ = {isa = PBXFileReference; lastKnownFileType = sourcecode.swift; path = Country.swift; sourceTree = "<group>"; };
		4E3A442B241BECF100522243 /* Province.swift */ = {isa = PBXFileReference; lastKnownFileType = sourcecode.swift; path = Province.swift; sourceTree = "<group>"; };
		4E3A442E241C147500522243 /* FlagImageView.swift */ = {isa = PBXFileReference; lastKnownFileType = sourcecode.swift; path = FlagImageView.swift; sourceTree = "<group>"; };
		4E3A4431241C6A0100522243 /* MapKit.framework */ = {isa = PBXFileReference; lastKnownFileType = wrapper.framework; name = MapKit.framework; path = System/Library/Frameworks/MapKit.framework; sourceTree = SDKROOT; };
		4E3A4433241C7F9300522243 /* MKMapView+Extension.swift */ = {isa = PBXFileReference; lastKnownFileType = sourcecode.swift; path = "MKMapView+Extension.swift"; sourceTree = "<group>"; };
/* End PBXFileReference section */

/* Begin PBXFrameworksBuildPhase section */
		4E3A43F2241BD7E300522243 /* Frameworks */ = {
			isa = PBXFrameworksBuildPhase;
			buildActionMask = 2147483647;
			files = (
				4E3A4432241C6A0100522243 /* MapKit.framework in Frameworks */,
			);
			runOnlyForDeploymentPostprocessing = 0;
		};
/* End PBXFrameworksBuildPhase section */

/* Begin PBXGroup section */
		4E3A43EC241BD7E300522243 = {
			isa = PBXGroup;
			children = (
				4E3A43F7241BD7E300522243 /* MINDFLAG */,
				4E3A43F6241BD7E300522243 /* Products */,
				4E3A4430241C6A0100522243 /* Frameworks */,
			);
			sourceTree = "<group>";
		};
		4E3A43F6241BD7E300522243 /* Products */ = {
			isa = PBXGroup;
			children = (
				4E3A43F5241BD7E300522243 /* MINDFLAG.app */,
			);
			name = Products;
			sourceTree = "<group>";
		};
		4E3A43F7241BD7E300522243 /* MINDFLAG */ = {
			isa = PBXGroup;
			children = (
				4E3A43F8241BD7E300522243 /* AppDelegate.swift */,
				4E3A43FA241BD7E300522243 /* SceneDelegate.swift */,
				4E3A4422241BDBA300522243 /* CountriesViewController.swift */,
				4E3A4420241BDB7B00522243 /* CountryDetailViewController.swift */,
				4E3A43FE241BD7E300522243 /* Main.storyboard */,
				4E3A442A241BE58400522243 /* Model */,
				4E3A442D241C145600522243 /* Custom Views */,
				4E3A441B241BDAB100522243 /* Networking */,
				4E3A4401241BD7E600522243 /* Assets.xcassets */,
				4E3A4403241BD7E600522243 /* LaunchScreen.storyboard */,
				4E3A4406241BD7E600522243 /* Info.plist */,
				4E3A4427241BDDE500522243 /* Extensions */,
			);
			path = MINDFLAG;
			sourceTree = "<group>";
		};
		4E3A4416241BDA5000522243 /* Cells */ = {
			isa = PBXGroup;
			children = (
				4E3A4412241BDA4C00522243 /* CountriesCell.swift */,
				4E3A4413241BDA4C00522243 /* CountriesCell.xib */,
			);
			path = Cells;
			sourceTree = "<group>";
		};
		4E3A441B241BDAB100522243 /* Networking */ = {
			isa = PBXGroup;
			children = (
				4E3A4417241BDA9C00522243 /* APIError.swift */,
				4E3A4419241BDAAB00522243 /* APIClient.swift */,
			);
			path = Networking;
			sourceTree = "<group>";
		};
		4E3A4427241BDDE500522243 /* Extensions */ = {
			isa = PBXGroup;
			children = (
				4E3A441C241BDAD900522243 /* UIImageView+Extension.swift */,
				4E3A4424241BDCCF00522243 /* UITableViewCell+Extension.swift */,
				4E3A4433241C7F9300522243 /* MKMapView+Extension.swift */,
			);
			path = Extensions;
			sourceTree = "<group>";
		};
		4E3A442A241BE58400522243 /* Model */ = {
			isa = PBXGroup;
			children = (
				4E3A4428241BE4C300522243 /* Country.swift */,
				4E3A442B241BECF100522243 /* Province.swift */,
			);
			path = Model;
			sourceTree = "<group>";
		};
		4E3A442D241C145600522243 /* Custom Views */ = {
			isa = PBXGroup;
			children = (
				4E3A4416241BDA5000522243 /* Cells */,
				4E3A442E241C147500522243 /* FlagImageView.swift */,
			);
			path = "Custom Views";
			sourceTree = "<group>";
		};
		4E3A4430241C6A0100522243 /* Frameworks */ = {
			isa = PBXGroup;
			children = (
				4E3A4431241C6A0100522243 /* MapKit.framework */,
			);
			name = Frameworks;
			sourceTree = "<group>";
		};
/* End PBXGroup section */

/* Begin PBXNativeTarget section */
		4E3A43F4241BD7E300522243 /* MINDFLAG */ = {
			isa = PBXNativeTarget;
			buildConfigurationList = 4E3A4409241BD7E600522243 /* Build configuration list for PBXNativeTarget "MINDFLAG" */;
			buildPhases = (
				4E3A43F1241BD7E300522243 /* Sources */,
				4E3A43F2241BD7E300522243 /* Frameworks */,
				4E3A43F3241BD7E300522243 /* Resources */,
			);
			buildRules = (
			);
			dependencies = (
			);
			name = MINDFLAG;
			productName = MINDFLAG;
			productReference = 4E3A43F5241BD7E300522243 /* MINDFLAG.app */;
			productType = "com.apple.product-type.application";
		};
/* End PBXNativeTarget section */

/* Begin PBXProject section */
		4E3A43ED241BD7E300522243 /* Project object */ = {
			isa = PBXProject;
			attributes = {
				LastSwiftUpdateCheck = 1130;
				LastUpgradeCheck = 1130;
				ORGANIZATIONNAME = "Christopher Rene";
				TargetAttributes = {
					4E3A43F4241BD7E300522243 = {
						CreatedOnToolsVersion = 11.3.1;
					};
				};
			};
			buildConfigurationList = 4E3A43F0241BD7E300522243 /* Build configuration list for PBXProject "MINDFLAG" */;
			compatibilityVersion = "Xcode 9.3";
			developmentRegion = en;
			hasScannedForEncodings = 0;
			knownRegions = (
				en,
				Base,
			);
			mainGroup = 4E3A43EC241BD7E300522243;
			productRefGroup = 4E3A43F6241BD7E300522243 /* Products */;
			projectDirPath = "";
			projectRoot = "";
			targets = (
				4E3A43F4241BD7E300522243 /* MINDFLAG */,
			);
		};
/* End PBXProject section */

/* Begin PBXResourcesBuildPhase section */
		4E3A43F3241BD7E300522243 /* Resources */ = {
			isa = PBXResourcesBuildPhase;
			buildActionMask = 2147483647;
			files = (
				4E3A4405241BD7E600522243 /* LaunchScreen.storyboard in Resources */,
				4E3A4402241BD7E600522243 /* Assets.xcassets in Resources */,
				4E3A4415241BDA4C00522243 /* CountriesCell.xib in Resources */,
				4E3A4400241BD7E300522243 /* Main.storyboard in Resources */,
			);
			runOnlyForDeploymentPostprocessing = 0;
		};
/* End PBXResourcesBuildPhase section */

/* Begin PBXSourcesBuildPhase section */
		4E3A43F1241BD7E300522243 /* Sources */ = {
			isa = PBXSourcesBuildPhase;
			buildActionMask = 2147483647;
			files = (
				4E3A43F9241BD7E300522243 /* AppDelegate.swift in Sources */,
				4E3A441D241BDAD900522243 /* UIImageView+Extension.swift in Sources */,
				4E3A442F241C147500522243 /* FlagImageView.swift in Sources */,
				4E3A4414241BDA4C00522243 /* CountriesCell.swift in Sources */,
				4E3A4423241BDBA300522243 /* CountriesViewController.swift in Sources */,
				4E3A442C241BECF100522243 /* Province.swift in Sources */,
				4E3A4425241BDCCF00522243 /* UITableViewCell+Extension.swift in Sources */,
				4E3A4418241BDA9C00522243 /* APIError.swift in Sources */,
				4E3A43FB241BD7E300522243 /* SceneDelegate.swift in Sources */,
				4E3A4421241BDB7B00522243 /* CountryDetailViewController.swift in Sources */,
				4E3A4434241C7F9300522243 /* MKMapView+Extension.swift in Sources */,
				4E3A4429241BE4C300522243 /* Country.swift in Sources */,
				4E3A441A241BDAAB00522243 /* APIClient.swift in Sources */,
			);
			runOnlyForDeploymentPostprocessing = 0;
		};
/* End PBXSourcesBuildPhase section */

/* Begin PBXVariantGroup section */
		4E3A43FE241BD7E300522243 /* Main.storyboard */ = {
			isa = PBXVariantGroup;
			children = (
				4E3A43FF241BD7E300522243 /* Base */,
			);
			name = Main.storyboard;
			sourceTree = "<group>";
		};
		4E3A4403241BD7E600522243 /* LaunchScreen.storyboard */ = {
			isa = PBXVariantGroup;
			children = (
				4E3A4404241BD7E600522243 /* Base */,
			);
			name = LaunchScreen.storyboard;
			sourceTree = "<group>";
		};
/* End PBXVariantGroup section */

/* Begin XCBuildConfiguration section */
		4E3A4407241BD7E600522243 /* Debug */ = {
			isa = XCBuildConfiguration;
			buildSettings = {
				ALWAYS_SEARCH_USER_PATHS = NO;
				CLANG_ANALYZER_NONNULL = YES;
				CLANG_ANALYZER_NUMBER_OBJECT_CONVERSION = YES_AGGRESSIVE;
				CLANG_CXX_LANGUAGE_STANDARD = "gnu++14";
				CLANG_CXX_LIBRARY = "libc++";
				CLANG_ENABLE_MODULES = YES;
				CLANG_ENABLE_OBJC_ARC = YES;
				CLANG_ENABLE_OBJC_WEAK = YES;
				CLANG_WARN_BLOCK_CAPTURE_AUTORELEASING = YES;
				CLANG_WARN_BOOL_CONVERSION = YES;
				CLANG_WARN_COMMA = YES;
				CLANG_WARN_CONSTANT_CONVERSION = YES;
				CLANG_WARN_DEPRECATED_OBJC_IMPLEMENTATIONS = YES;
				CLANG_WARN_DIRECT_OBJC_ISA_USAGE = YES_ERROR;
				CLANG_WARN_DOCUMENTATION_COMMENTS = YES;
				CLANG_WARN_EMPTY_BODY = YES;
				CLANG_WARN_ENUM_CONVERSION = YES;
				CLANG_WARN_INFINITE_RECURSION = YES;
				CLANG_WARN_INT_CONVERSION = YES;
				CLANG_WARN_NON_LITERAL_NULL_CONVERSION = YES;
				CLANG_WARN_OBJC_IMPLICIT_RETAIN_SELF = YES;
				CLANG_WARN_OBJC_LITERAL_CONVERSION = YES;
				CLANG_WARN_OBJC_ROOT_CLASS = YES_ERROR;
				CLANG_WARN_RANGE_LOOP_ANALYSIS = YES;
				CLANG_WARN_STRICT_PROTOTYPES = YES;
				CLANG_WARN_SUSPICIOUS_MOVE = YES;
				CLANG_WARN_UNGUARDED_AVAILABILITY = YES_AGGRESSIVE;
				CLANG_WARN_UNREACHABLE_CODE = YES;
				CLANG_WARN__DUPLICATE_METHOD_MATCH = YES;
				COPY_PHASE_STRIP = NO;
				DEBUG_INFORMATION_FORMAT = dwarf;
				ENABLE_STRICT_OBJC_MSGSEND = YES;
				ENABLE_TESTABILITY = YES;
				GCC_C_LANGUAGE_STANDARD = gnu11;
				GCC_DYNAMIC_NO_PIC = NO;
				GCC_NO_COMMON_BLOCKS = YES;
				GCC_OPTIMIZATION_LEVEL = 0;
				GCC_PREPROCESSOR_DEFINITIONS = (
					"DEBUG=1",
					"$(inherited)",
				);
				GCC_WARN_64_TO_32_BIT_CONVERSION = YES;
				GCC_WARN_ABOUT_RETURN_TYPE = YES_ERROR;
				GCC_WARN_UNDECLARED_SELECTOR = YES;
				GCC_WARN_UNINITIALIZED_AUTOS = YES_AGGRESSIVE;
				GCC_WARN_UNUSED_FUNCTION = YES;
				GCC_WARN_UNUSED_VARIABLE = YES;
				IPHONEOS_DEPLOYMENT_TARGET = 13.2;
				MTL_ENABLE_DEBUG_INFO = INCLUDE_SOURCE;
				MTL_FAST_MATH = YES;
				ONLY_ACTIVE_ARCH = YES;
				SDKROOT = iphoneos;
				SWIFT_ACTIVE_COMPILATION_CONDITIONS = DEBUG;
				SWIFT_OPTIMIZATION_LEVEL = "-Onone";
			};
			name = Debug;
		};
		4E3A4408241BD7E600522243 /* Release */ = {
			isa = XCBuildConfiguration;
			buildSettings = {
				ALWAYS_SEARCH_USER_PATHS = NO;
				CLANG_ANALYZER_NONNULL = YES;
				CLANG_ANALYZER_NUMBER_OBJECT_CONVERSION = YES_AGGRESSIVE;
				CLANG_CXX_LANGUAGE_STANDARD = "gnu++14";
				CLANG_CXX_LIBRARY = "libc++";
				CLANG_ENABLE_MODULES = YES;
				CLANG_ENABLE_OBJC_ARC = YES;
				CLANG_ENABLE_OBJC_WEAK = YES;
				CLANG_WARN_BLOCK_CAPTURE_AUTORELEASING = YES;
				CLANG_WARN_BOOL_CONVERSION = YES;
				CLANG_WARN_COMMA = YES;
				CLANG_WARN_CONSTANT_CONVERSION = YES;
				CLANG_WARN_DEPRECATED_OBJC_IMPLEMENTATIONS = YES;
				CLANG_WARN_DIRECT_OBJC_ISA_USAGE = YES_ERROR;
				CLANG_WARN_DOCUMENTATION_COMMENTS = YES;
				CLANG_WARN_EMPTY_BODY = YES;
				CLANG_WARN_ENUM_CONVERSION = YES;
				CLANG_WARN_INFINITE_RECURSION = YES;
				CLANG_WARN_INT_CONVERSION = YES;
				CLANG_WARN_NON_LITERAL_NULL_CONVERSION = YES;
				CLANG_WARN_OBJC_IMPLICIT_RETAIN_SELF = YES;
				CLANG_WARN_OBJC_LITERAL_CONVERSION = YES;
				CLANG_WARN_OBJC_ROOT_CLASS = YES_ERROR;
				CLANG_WARN_RANGE_LOOP_ANALYSIS = YES;
				CLANG_WARN_STRICT_PROTOTYPES = YES;
				CLANG_WARN_SUSPICIOUS_MOVE = YES;
				CLANG_WARN_UNGUARDED_AVAILABILITY = YES_AGGRESSIVE;
				CLANG_WARN_UNREACHABLE_CODE = YES;
				CLANG_WARN__DUPLICATE_METHOD_MATCH = YES;
				COPY_PHASE_STRIP = NO;
				DEBUG_INFORMATION_FORMAT = "dwarf-with-dsym";
				ENABLE_NS_ASSERTIONS = NO;
				ENABLE_STRICT_OBJC_MSGSEND = YES;
				GCC_C_LANGUAGE_STANDARD = gnu11;
				GCC_NO_COMMON_BLOCKS = YES;
				GCC_WARN_64_TO_32_BIT_CONVERSION = YES;
				GCC_WARN_ABOUT_RETURN_TYPE = YES_ERROR;
				GCC_WARN_UNDECLARED_SELECTOR = YES;
				GCC_WARN_UNINITIALIZED_AUTOS = YES_AGGRESSIVE;
				GCC_WARN_UNUSED_FUNCTION = YES;
				GCC_WARN_UNUSED_VARIABLE = YES;
				IPHONEOS_DEPLOYMENT_TARGET = 13.2;
				MTL_ENABLE_DEBUG_INFO = NO;
				MTL_FAST_MATH = YES;
				SDKROOT = iphoneos;
				SWIFT_COMPILATION_MODE = wholemodule;
				SWIFT_OPTIMIZATION_LEVEL = "-O";
				VALIDATE_PRODUCT = YES;
			};
			name = Release;
		};
		4E3A440A241BD7E600522243 /* Debug */ = {
			isa = XCBuildConfiguration;
			buildSettings = {
				ASSETCATALOG_COMPILER_APPICON_NAME = AppIcon;
				CODE_SIGN_STYLE = Automatic;
				DEVELOPMENT_TEAM = L282C3DF98;
				INFOPLIST_FILE = MINDFLAG/Info.plist;
				LD_RUNPATH_SEARCH_PATHS = (
					"$(inherited)",
					"@executable_path/Frameworks",
				);
				PRODUCT_BUNDLE_IDENTIFIER = com.objectivechris.MINDFLAG;
				PRODUCT_NAME = "$(TARGET_NAME)";
				SWIFT_VERSION = 5.0;
				TARGETED_DEVICE_FAMILY = "1,2";
			};
			name = Debug;
		};
		4E3A440B241BD7E600522243 /* Release */ = {
			isa = XCBuildConfiguration;
			buildSettings = {
				ASSETCATALOG_COMPILER_APPICON_NAME = AppIcon;
				CODE_SIGN_STYLE = Automatic;
				DEVELOPMENT_TEAM = L282C3DF98;
				INFOPLIST_FILE = MINDFLAG/Info.plist;
				LD_RUNPATH_SEARCH_PATHS = (
					"$(inherited)",
					"@executable_path/Frameworks",
				);
				PRODUCT_BUNDLE_IDENTIFIER = com.objectivechris.MINDFLAG;
				PRODUCT_NAME = "$(TARGET_NAME)";
				SWIFT_VERSION = 5.0;
				TARGETED_DEVICE_FAMILY = "1,2";
			};
			name = Release;
		};
/* End XCBuildConfiguration section */

/* Begin XCConfigurationList section */
		4E3A43F0241BD7E300522243 /* Build configuration list for PBXProject "MINDFLAG" */ = {
			isa = XCConfigurationList;
			buildConfigurations = (
				4E3A4407241BD7E600522243 /* Debug */,
				4E3A4408241BD7E600522243 /* Release */,
			);
			defaultConfigurationIsVisible = 0;
			defaultConfigurationName = Release;
		};
		4E3A4409241BD7E600522243 /* Build configuration list for PBXNativeTarget "MINDFLAG" */ = {
			isa = XCConfigurationList;
			buildConfigurations = (
				4E3A440A241BD7E600522243 /* Debug */,
				4E3A440B241BD7E600522243 /* Release */,
			);
			defaultConfigurationIsVisible = 0;
			defaultConfigurationName = Release;
		};
/* End XCConfigurationList section */
	};
	rootObject = 4E3A43ED241BD7E300522243 /* Project object */;
}
